
Microsoft Visual Studio Solution File, Format Version 12.00
# Visual Studio Version 17
VisualStudioVersion = 17.9.34607.119
MinimumVisualStudioVersion = 10.0.40219.1
Project("{9A19103F-16F7-4668-BE54-9A1E7A4F7556}") = "Assignment7_", "Assignment7_\Assignment7_.csproj", "{4CADD08F-49A6-42FC-BD1B-0F70D0DD5D1D}"
EndProject
Global
	GlobalSection(SolutionConfigurationPlatforms) = preSolution
		Debug|Any CPU = Debug|Any CPU
		Release|Any CPU = Release|Any CPU
	EndGlobalSection
	GlobalSection(ProjectConfigurationPlatforms) = postSolution
		{4CADD08F-49A6-42FC-BD1B-0F70D0DD5D1D}.Debug|Any CPU.ActiveCfg = Debug|Any CPU
		{4CADD08F-49A6-42FC-BD1B-0F70D0DD5D1D}.Debug|Any CPU.Build.0 = Debug|Any CPU
		{4CADD08F-49A6-42FC-BD1B-0F70D0DD5D1D}.Debug|Any CPU.Deploy.0 = Debug|Any CPU
		{4CADD08F-49A6-42FC-BD1B-0F70D0DD5D1D}.Release|Any CPU.ActiveCfg = Release|Any CPU
		{4CADD08F-49A6-42FC-BD1B-0F70D0DD5D1D}.Release|Any CPU.Build.0 = Release|Any CPU
		{4CADD08F-49A6-42FC-BD1B-0F70D0DD5D1D}.Release|Any CPU.Deploy.0 = Release|Any CPU
	EndGlobalSection
	GlobalSection(SolutionProperties) = preSolution
		HideSolutionNode = FALSE
	EndGlobalSection
	GlobalSection(ExtensibilityGlobals) = postSolution
		SolutionGuid = {61ACEBA6-F978-495C-8228-D15781311256}
	EndGlobalSection
EndGlobal
